
Microsoft Visual Studio Solution File, Format Version 12.00
# Visual Studio 15
VisualStudioVersion = 15.0.28307.421
MinimumVisualStudioVersion = 10.0.40219.1
Project("{FAE04EC0-301F-11D3-BF4B-00C04F79EFBC}") = "ImageComparision", "ImageComparision\ImageComparision.csproj", "{9E16DD24-CF96-4C26-A722-E2A81695D031}"
EndProject
Global
	GlobalSection(SolutionConfigurationPlatforms) = preSolution
		Debug|Any CPU = Debug|Any CPU
		Release|Any CPU = Release|Any CPU
	EndGlobalSection
	GlobalSection(ProjectConfigurationPlatforms) = postSolution
		{9E16DD24-CF96-4C26-A722-E2A81695D031}.Debug|Any CPU.ActiveCfg = Debug|Any CPU
		{9E16DD24-CF96-4C26-A722-E2A81695D031}.Debug|Any CPU.Build.0 = Debug|Any CPU
		{9E16DD24-CF96-4C26-A722-E2A81695D031}.Release|Any CPU.ActiveCfg = Release|Any CPU
		{9E16DD24-CF96-4C26-A722-E2A81695D031}.Release|Any CPU.Build.0 = Release|Any CPU
	EndGlobalSection
	GlobalSection(SolutionProperties) = preSolution
		HideSolutionNode = FALSE
	EndGlobalSection
	GlobalSection(ExtensibilityGlobals) = postSolution
		SolutionGuid = {7090037C-2787-4B11-B373-844F77DC0DC4}
	EndGlobalSection
EndGlobal
